
Microsoft Visual Studio Solution File, Format Version 12.00
# Visual Studio Version 17
VisualStudioVersion = 17.14.36623.8
MinimumVisualStudioVersion = 10.0.40219.1
Project("{FAE04EC0-301F-11D3-BF4B-00C04F79EFBC}") = "CliverWinRoutines", "CliverWinRoutines.csproj", "{92C11F65-C988-4989-30BE-57BB7A490444}"
EndProject
Project("{FAE04EC0-301F-11D3-BF4B-00C04F79EFBC}") = "Test", "Test\Test.csproj", "{3A1BDE29-E793-4061-BD02-13F82CA54B98}"
EndProject
Global
	GlobalSection(SolutionConfigurationPlatforms) = preSolution
		Debug|Any CPU = Debug|Any CPU
		Release|Any CPU = Release|Any CPU
	EndGlobalSection
	GlobalSection(ProjectConfigurationPlatforms) = postSolution
		{92C11F65-C988-4989-30BE-57BB7A490444}.Debug|Any CPU.ActiveCfg = Debug|Any CPU
		{92C11F65-C988-4989-30BE-57BB7A490444}.Debug|Any CPU.Build.0 = Debug|Any CPU
		{92C11F65-C988-4989-30BE-57BB7A490444}.Release|Any CPU.ActiveCfg = Release|Any CPU
		{92C11F65-C988-4989-30BE-57BB7A490444}.Release|Any CPU.Build.0 = Release|Any CPU
		{3A1BDE29-E793-4061-BD02-13F82CA54B98}.Debug|Any CPU.ActiveCfg = Debug|Any CPU
		{3A1BDE29-E793-4061-BD02-13F82CA54B98}.Debug|Any CPU.Build.0 = Debug|Any CPU
		{3A1BDE29-E793-4061-BD02-13F82CA54B98}.Release|Any CPU.ActiveCfg = Release|Any CPU
		{3A1BDE29-E793-4061-BD02-13F82CA54B98}.Release|Any CPU.Build.0 = Release|Any CPU
	EndGlobalSection
	GlobalSection(SolutionProperties) = preSolution
		HideSolutionNode = FALSE
	EndGlobalSection
	GlobalSection(ExtensibilityGlobals) = postSolution
		SolutionGuid = {A17A676E-FA22-4281-B6D6-1B3906535062}
	EndGlobalSection
EndGlobal
